// !$*UTF8*$!
{
	archiveVersion = 1;
	classes = {
	};
	objectVersion = 56;
	objects = {

/* Begin PBXBuildFile section */
		A205D7F42BEE637D0065CF5B /* ExercisesManager.swift in Sources */ = {isa = PBXBuildFile; fileRef = A205D7F32BEE637D0065CF5B /* ExercisesManager.swift */; };
		A205D7FA2BEE81AD0065CF5B /* NewExerciseDialog.swift in Sources */ = {isa = PBXBuildFile; fileRef = A205D7F92BEE81AD0065CF5B /* NewExerciseDialog.swift */; };
		A205D7FC2BEE836E0065CF5B /* SetList.swift in Sources */ = {isa = PBXBuildFile; fileRef = A205D7FB2BEE836E0065CF5B /* SetList.swift */; };
		A21625B42BEB7EFD00BBE9AC /* GoogleSignIn in Frameworks */ = {isa = PBXBuildFile; productRef = A21625B32BEB7EFD00BBE9AC /* GoogleSignIn */; };
		A21625B62BEB7EFD00BBE9AC /* GoogleSignInSwift in Frameworks */ = {isa = PBXBuildFile; productRef = A21625B52BEB7EFD00BBE9AC /* GoogleSignInSwift */; };
		A241D4A82BF62BCB003AE267 /* HistoryCardBuilder.swift in Sources */ = {isa = PBXBuildFile; fileRef = A241D4A72BF62BCB003AE267 /* HistoryCardBuilder.swift */; };
		A241D4AA2BF63900003AE267 /* HistoryViewModel.swift in Sources */ = {isa = PBXBuildFile; fileRef = A241D4A92BF63900003AE267 /* HistoryViewModel.swift */; };
		A241D4AC2BF63E8A003AE267 /* SettingsViewModel.swift in Sources */ = {isa = PBXBuildFile; fileRef = A241D4AB2BF63E8A003AE267 /* SettingsViewModel.swift */; };
		A241D4AE2BF63F55003AE267 /* ProfileViewModel.swift in Sources */ = {isa = PBXBuildFile; fileRef = A241D4AD2BF63F55003AE267 /* ProfileViewModel.swift */; };
		A241D4B02BF64718003AE267 /* SelectableMenu.swift in Sources */ = {isa = PBXBuildFile; fileRef = A241D4AF2BF64718003AE267 /* SelectableMenu.swift */; };
		A241D4B32BF65D7E003AE267 /* NewTemplateViewModel.swift in Sources */ = {isa = PBXBuildFile; fileRef = A241D4B22BF65D7E003AE267 /* NewTemplateViewModel.swift */; };
		A2451BC92BF2091700445C01 /* OngoingExercisesViewSheet.swift in Sources */ = {isa = PBXBuildFile; fileRef = A2451BC82BF2091700445C01 /* OngoingExercisesViewSheet.swift */; };
		A2451BCC2BF258D400445C01 /* UserTemplate.swift in Sources */ = {isa = PBXBuildFile; fileRef = A2451BCB2BF258D400445C01 /* UserTemplate.swift */; };
		A2451BCE2BF2591C00445C01 /* UserHistory.swift in Sources */ = {isa = PBXBuildFile; fileRef = A2451BCD2BF2591C00445C01 /* UserHistory.swift */; };
		A2451BD02BF2594C00445C01 /* User.swift in Sources */ = {isa = PBXBuildFile; fileRef = A2451BCF2BF2594C00445C01 /* User.swift */; };
		A2451BD22BF2598200445C01 /* Exercise.swift in Sources */ = {isa = PBXBuildFile; fileRef = A2451BD12BF2598200445C01 /* Exercise.swift */; };
		A2451BD42BF26B3200445C01 /* WorkoutOngoingViewModel.swift in Sources */ = {isa = PBXBuildFile; fileRef = A2451BD32BF26B3200445C01 /* WorkoutOngoingViewModel.swift */; };
		A245A8232BECF72700778555 /* FirebaseFirestore in Frameworks */ = {isa = PBXBuildFile; productRef = A245A8222BECF72700778555 /* FirebaseFirestore */; };
		A245A8272BECF72700778555 /* FirebaseFirestoreSwift in Frameworks */ = {isa = PBXBuildFile; productRef = A245A8262BECF72700778555 /* FirebaseFirestoreSwift */; };
		A245A82C2BEDFA1600778555 /* ProfileView.swift in Sources */ = {isa = PBXBuildFile; fileRef = A245A82B2BEDFA1600778555 /* ProfileView.swift */; };
		A245A82F2BEE000300778555 /* UserManager.swift in Sources */ = {isa = PBXBuildFile; fileRef = A245A82E2BEE000300778555 /* UserManager.swift */; };
		A245A8322BEE023D00778555 /* AuthenticationViewModel.swift in Sources */ = {isa = PBXBuildFile; fileRef = A245A8312BEE023D00778555 /* AuthenticationViewModel.swift */; };
		A245A8352BEE064200778555 /* SignInEmailViewModel.swift in Sources */ = {isa = PBXBuildFile; fileRef = A245A8342BEE064200778555 /* SignInEmailViewModel.swift */; };
		A25739ED2BE8F75A001C013E /* BulkUpDialog.swift in Sources */ = {isa = PBXBuildFile; fileRef = A25739EC2BE8F75A001C013E /* BulkUpDialog.swift */; };
		A25739F42BE90A1C001C013E /* ModalView in Frameworks */ = {isa = PBXBuildFile; productRef = A25739F32BE90A1C001C013E /* ModalView */; settings = {ATTRIBUTES = (Required, ); }; };
		A25B17EF2BECB34400E8E6E7 /* AuthenticationManager.swift in Sources */ = {isa = PBXBuildFile; fileRef = A25B17EE2BECB34400E8E6E7 /* AuthenticationManager.swift */; };
		A25B17F12BECC2D200E8E6E7 /* SettingsView.swift in Sources */ = {isa = PBXBuildFile; fileRef = A25B17F02BECC2D200E8E6E7 /* SettingsView.swift */; };
		A25B17F32BECDD2D00E8E6E7 /* Errors.swift in Sources */ = {isa = PBXBuildFile; fileRef = A25B17F22BECDD2D00E8E6E7 /* Errors.swift */; };
		A264A0BE2BE88D7600724C36 /* BulkUpButton.swift in Sources */ = {isa = PBXBuildFile; fileRef = A264A0BD2BE88D7600724C36 /* BulkUpButton.swift */; };
		A264A0C02BE8950B00724C36 /* BulkUpTextField.swift in Sources */ = {isa = PBXBuildFile; fileRef = A264A0BF2BE8950B00724C36 /* BulkUpTextField.swift */; };
		A264A0C22BE8C70F00724C36 /* BulkUpMenu.swift in Sources */ = {isa = PBXBuildFile; fileRef = A264A0C12BE8C70F00724C36 /* BulkUpMenu.swift */; };
		A26970D92BEE280E0005F1BB /* SignInGoogleHelper.swift in Sources */ = {isa = PBXBuildFile; fileRef = A26970D82BEE280E0005F1BB /* SignInGoogleHelper.swift */; };
		A2701BE02BEB762A0028DDAA /* Types.swift in Sources */ = {isa = PBXBuildFile; fileRef = A2701BDF2BEB762A0028DDAA /* Types.swift */; };
		A2701BE22BEB78680028DDAA /* HistoryCard.swift in Sources */ = {isa = PBXBuildFile; fileRef = A2701BE12BEB78680028DDAA /* HistoryCard.swift */; };
		A2701BE62BEB79EC0028DDAA /* HistoryView.swift in Sources */ = {isa = PBXBuildFile; fileRef = A2701BE52BEB79EC0028DDAA /* HistoryView.swift */; };
		A270B24A2BEB55820042AD0D /* BulkUpNavigationLink.swift in Sources */ = {isa = PBXBuildFile; fileRef = A270B2492BEB55820042AD0D /* BulkUpNavigationLink.swift */; };
		A2710E0F2BF711A20054AD15 /* ExerciseList.swift in Sources */ = {isa = PBXBuildFile; fileRef = A2710E0E2BF711A20054AD15 /* ExerciseList.swift */; };
		A271303D2BEB616000CDC8A9 /* LogInView.swift in Sources */ = {isa = PBXBuildFile; fileRef = A271303C2BEB616000CDC8A9 /* LogInView.swift */; };
		A27BD92C2BEF8FF60069EA77 /* TextFieldWithDebounce.swift in Sources */ = {isa = PBXBuildFile; fileRef = A27BD92B2BEF8FF60069EA77 /* TextFieldWithDebounce.swift */; };
		A27C95542BEB40A200A32358 /* FirebaseAuth in Frameworks */ = {isa = PBXBuildFile; productRef = A27C95532BEB40A200A32358 /* FirebaseAuth */; settings = {ATTRIBUTES = (Required, ); }; };
		A27FAEE72BEE4FB500436B5E /* StartWorkoutView.swift in Sources */ = {isa = PBXBuildFile; fileRef = A27FAEE62BEE4FB500436B5E /* StartWorkoutView.swift */; };
		A27FAEE92BEE4FEC00436B5E /* ExercisesView.swift in Sources */ = {isa = PBXBuildFile; fileRef = A27FAEE82BEE4FEC00436B5E /* ExercisesView.swift */; };
		A2A1D4592BF07C0000AA09D5 /* TemplateCardViewBuilder.swift in Sources */ = {isa = PBXBuildFile; fileRef = A2A1D4582BF07C0000AA09D5 /* TemplateCardViewBuilder.swift */; };
		A2A1D45C2BF07C2400AA09D5 /* TemplateCard.swift in Sources */ = {isa = PBXBuildFile; fileRef = A2A1D45B2BF07C2400AA09D5 /* TemplateCard.swift */; };
		A2A1D45E2BF07C4900AA09D5 /* NewTemplateCard.swift in Sources */ = {isa = PBXBuildFile; fileRef = A2A1D45D2BF07C4900AA09D5 /* NewTemplateCard.swift */; };
		A2A1D4612BF08EC000AA09D5 /* Query.swift in Sources */ = {isa = PBXBuildFile; fileRef = A2A1D4602BF08EC000AA09D5 /* Query.swift */; };
		A2A1D4652BF08F3C00AA09D5 /* OnFirstAppearViewModifier.swift in Sources */ = {isa = PBXBuildFile; fileRef = A2A1D4642BF08F3C00AA09D5 /* OnFirstAppearViewModifier.swift */; };
		A2A1D4672BF08FA600AA09D5 /* ExercisesViewModel.swift in Sources */ = {isa = PBXBuildFile; fileRef = A2A1D4662BF08FA600AA09D5 /* ExercisesViewModel.swift */; };
		A2A1D4692BF0904300AA09D5 /* ExercisesList.swift in Sources */ = {isa = PBXBuildFile; fileRef = A2A1D4682BF0904300AA09D5 /* ExercisesList.swift */; };
		A2A1D46B2BF0911C00AA09D5 /* StartWorkoutViewModel.swift in Sources */ = {isa = PBXBuildFile; fileRef = A2A1D46A2BF0911C00AA09D5 /* StartWorkoutViewModel.swift */; };
		A2A1D46D2BF091C200AA09D5 /* Date.swift in Sources */ = {isa = PBXBuildFile; fileRef = A2A1D46C2BF091C200AA09D5 /* Date.swift */; };
		A2A1D47E2BF10F1700AA09D5 /* ExercisesViewSheet.swift in Sources */ = {isa = PBXBuildFile; fileRef = A2A1D47D2BF10F1700AA09D5 /* ExercisesViewSheet.swift */; };
		A2A1D4822BF1D8B800AA09D5 /* TemplatePreview.swift in Sources */ = {isa = PBXBuildFile; fileRef = A2A1D4812BF1D8B800AA09D5 /* TemplatePreview.swift */; };
		A2B526942BEB42ED0093BDE1 /* WorkoutList.swift in Sources */ = {isa = PBXBuildFile; fileRef = A2B526932BEB42ED0093BDE1 /* WorkoutList.swift */; };
		A2B526962BEB47280093BDE1 /* GoogleService-Info.plist in Resources */ = {isa = PBXBuildFile; fileRef = A2B526952BEB47280093BDE1 /* GoogleService-Info.plist */; };
		A2B526992BEB47C30093BDE1 /* SignUpView.swift in Sources */ = {isa = PBXBuildFile; fileRef = A2B526982BEB47C30093BDE1 /* SignUpView.swift */; };
		A2B5269B2BEB47FB0093BDE1 /* WelcomeView.swift in Sources */ = {isa = PBXBuildFile; fileRef = A2B5269A2BEB47FB0093BDE1 /* WelcomeView.swift */; };
		A2D5DD0F2BEFF0AC00059D58 /* NewTemplateView.swift in Sources */ = {isa = PBXBuildFile; fileRef = A2D5DD0E2BEFF0AC00059D58 /* NewTemplateView.swift */; };
		A2D68EBA2BE8DD66000D19CB /* RestTimerSetupView.swift in Sources */ = {isa = PBXBuildFile; fileRef = A2D68EB92BE8DD66000D19CB /* RestTimerSetupView.swift */; };
		A2F81A912BF1EF1C001176B6 /* WorkoutOngoingView.swift in Sources */ = {isa = PBXBuildFile; fileRef = A2F81A902BF1EF1C001176B6 /* WorkoutOngoingView.swift */; };
		A2F81A932BF1EF43001176B6 /* OngoingExerciseMenu.swift in Sources */ = {isa = PBXBuildFile; fileRef = A2F81A922BF1EF43001176B6 /* OngoingExerciseMenu.swift */; };
		A2F81A952BF1EF95001176B6 /* RestTimerView.swift in Sources */ = {isa = PBXBuildFile; fileRef = A2F81A942BF1EF95001176B6 /* RestTimerView.swift */; };
		A2F81A972BF1EFF0001176B6 /* WorkoutOngoingSetList.swift in Sources */ = {isa = PBXBuildFile; fileRef = A2F81A962BF1EFF0001176B6 /* WorkoutOngoingSetList.swift */; };
		A2F81A992BF1F02C001176B6 /* TimerModel.swift in Sources */ = {isa = PBXBuildFile; fileRef = A2F81A982BF1F02C001176B6 /* TimerModel.swift */; };
		A2F81A9B2BF1F337001176B6 /* WorkoutRestTimerSetupView.swift in Sources */ = {isa = PBXBuildFile; fileRef = A2F81A9A2BF1F337001176B6 /* WorkoutRestTimerSetupView.swift */; };
		A2F81A9D2BF1FC6B001176B6 /* TemplatePreviewBuilder.swift in Sources */ = {isa = PBXBuildFile; fileRef = A2F81A9C2BF1FC6B001176B6 /* TemplatePreviewBuilder.swift */; };
		F295E3752BE647B600D2DE64 /* BulkUpApp.swift in Sources */ = {isa = PBXBuildFile; fileRef = F295E3742BE647B600D2DE64 /* BulkUpApp.swift */; };
		F295E3772BE647B600D2DE64 /* RootView.swift in Sources */ = {isa = PBXBuildFile; fileRef = F295E3762BE647B600D2DE64 /* RootView.swift */; };
		F295E3792BE647B800D2DE64 /* Assets.xcassets in Resources */ = {isa = PBXBuildFile; fileRef = F295E3782BE647B800D2DE64 /* Assets.xcassets */; };
		F295E37C2BE647B800D2DE64 /* Preview Assets.xcassets in Resources */ = {isa = PBXBuildFile; fileRef = F295E37B2BE647B800D2DE64 /* Preview Assets.xcassets */; };
/* End PBXBuildFile section */

/* Begin PBXFileReference section */
		A205D7F32BEE637D0065CF5B /* ExercisesManager.swift */ = {isa = PBXFileReference; lastKnownFileType = sourcecode.swift; path = ExercisesManager.swift; sourceTree = "<group>"; };
		A205D7F92BEE81AD0065CF5B /* NewExerciseDialog.swift */ = {isa = PBXFileReference; lastKnownFileType = sourcecode.swift; path = NewExerciseDialog.swift; sourceTree = "<group>"; };
		A205D7FB2BEE836E0065CF5B /* SetList.swift */ = {isa = PBXFileReference; lastKnownFileType = sourcecode.swift; path = SetList.swift; sourceTree = "<group>"; };
		A21625B72BEB7FB600BBE9AC /* BulkUp-Info.plist */ = {isa = PBXFileReference; lastKnownFileType = text.plist; path = "BulkUp-Info.plist"; sourceTree = "<group>"; };
		A241D4A72BF62BCB003AE267 /* HistoryCardBuilder.swift */ = {isa = PBXFileReference; lastKnownFileType = sourcecode.swift; path = HistoryCardBuilder.swift; sourceTree = "<group>"; };
		A241D4A92BF63900003AE267 /* HistoryViewModel.swift */ = {isa = PBXFileReference; lastKnownFileType = sourcecode.swift; path = HistoryViewModel.swift; sourceTree = "<group>"; };
		A241D4AB2BF63E8A003AE267 /* SettingsViewModel.swift */ = {isa = PBXFileReference; lastKnownFileType = sourcecode.swift; path = SettingsViewModel.swift; sourceTree = "<group>"; };
		A241D4AD2BF63F55003AE267 /* ProfileViewModel.swift */ = {isa = PBXFileReference; lastKnownFileType = sourcecode.swift; path = ProfileViewModel.swift; sourceTree = "<group>"; };
		A241D4AF2BF64718003AE267 /* SelectableMenu.swift */ = {isa = PBXFileReference; lastKnownFileType = sourcecode.swift; path = SelectableMenu.swift; sourceTree = "<group>"; };
		A241D4B22BF65D7E003AE267 /* NewTemplateViewModel.swift */ = {isa = PBXFileReference; lastKnownFileType = sourcecode.swift; path = NewTemplateViewModel.swift; sourceTree = "<group>"; };
		A2451BC82BF2091700445C01 /* OngoingExercisesViewSheet.swift */ = {isa = PBXFileReference; lastKnownFileType = sourcecode.swift; path = OngoingExercisesViewSheet.swift; sourceTree = "<group>"; };
		A2451BCB2BF258D400445C01 /* UserTemplate.swift */ = {isa = PBXFileReference; lastKnownFileType = sourcecode.swift; path = UserTemplate.swift; sourceTree = "<group>"; };
		A2451BCD2BF2591C00445C01 /* UserHistory.swift */ = {isa = PBXFileReference; lastKnownFileType = sourcecode.swift; path = UserHistory.swift; sourceTree = "<group>"; };
		A2451BCF2BF2594C00445C01 /* User.swift */ = {isa = PBXFileReference; lastKnownFileType = sourcecode.swift; path = User.swift; sourceTree = "<group>"; };
		A2451BD12BF2598200445C01 /* Exercise.swift */ = {isa = PBXFileReference; lastKnownFileType = sourcecode.swift; path = Exercise.swift; sourceTree = "<group>"; };
		A2451BD32BF26B3200445C01 /* WorkoutOngoingViewModel.swift */ = {isa = PBXFileReference; lastKnownFileType = sourcecode.swift; path = WorkoutOngoingViewModel.swift; sourceTree = "<group>"; };
		A245A82B2BEDFA1600778555 /* ProfileView.swift */ = {isa = PBXFileReference; lastKnownFileType = sourcecode.swift; path = ProfileView.swift; sourceTree = "<group>"; };
		A245A82E2BEE000300778555 /* UserManager.swift */ = {isa = PBXFileReference; lastKnownFileType = sourcecode.swift; path = UserManager.swift; sourceTree = "<group>"; };
		A245A8312BEE023D00778555 /* AuthenticationViewModel.swift */ = {isa = PBXFileReference; lastKnownFileType = sourcecode.swift; path = AuthenticationViewModel.swift; sourceTree = "<group>"; };
		A245A8342BEE064200778555 /* SignInEmailViewModel.swift */ = {isa = PBXFileReference; lastKnownFileType = sourcecode.swift; path = SignInEmailViewModel.swift; sourceTree = "<group>"; };
		A25739EC2BE8F75A001C013E /* BulkUpDialog.swift */ = {isa = PBXFileReference; lastKnownFileType = sourcecode.swift; path = BulkUpDialog.swift; sourceTree = "<group>"; };
		A25B17EE2BECB34400E8E6E7 /* AuthenticationManager.swift */ = {isa = PBXFileReference; lastKnownFileType = sourcecode.swift; path = AuthenticationManager.swift; sourceTree = "<group>"; };
		A25B17F02BECC2D200E8E6E7 /* SettingsView.swift */ = {isa = PBXFileReference; lastKnownFileType = sourcecode.swift; path = SettingsView.swift; sourceTree = "<group>"; };
		A25B17F22BECDD2D00E8E6E7 /* Errors.swift */ = {isa = PBXFileReference; lastKnownFileType = sourcecode.swift; path = Errors.swift; sourceTree = "<group>"; };
		A264A0BD2BE88D7600724C36 /* BulkUpButton.swift */ = {isa = PBXFileReference; lastKnownFileType = sourcecode.swift; path = BulkUpButton.swift; sourceTree = "<group>"; };
		A264A0BF2BE8950B00724C36 /* BulkUpTextField.swift */ = {isa = PBXFileReference; lastKnownFileType = sourcecode.swift; path = BulkUpTextField.swift; sourceTree = "<group>"; };
		A264A0C12BE8C70F00724C36 /* BulkUpMenu.swift */ = {isa = PBXFileReference; lastKnownFileType = sourcecode.swift; path = BulkUpMenu.swift; sourceTree = "<group>"; };
		A26970D82BEE280E0005F1BB /* SignInGoogleHelper.swift */ = {isa = PBXFileReference; lastKnownFileType = sourcecode.swift; path = SignInGoogleHelper.swift; sourceTree = "<group>"; };
		A2701BDF2BEB762A0028DDAA /* Types.swift */ = {isa = PBXFileReference; lastKnownFileType = sourcecode.swift; path = Types.swift; sourceTree = "<group>"; };
		A2701BE12BEB78680028DDAA /* HistoryCard.swift */ = {isa = PBXFileReference; lastKnownFileType = sourcecode.swift; path = HistoryCard.swift; sourceTree = "<group>"; };
		A2701BE52BEB79EC0028DDAA /* HistoryView.swift */ = {isa = PBXFileReference; lastKnownFileType = sourcecode.swift; path = HistoryView.swift; sourceTree = "<group>"; };
		A270B2492BEB55820042AD0D /* BulkUpNavigationLink.swift */ = {isa = PBXFileReference; lastKnownFileType = sourcecode.swift; path = BulkUpNavigationLink.swift; sourceTree = "<group>"; };
		A2710E0E2BF711A20054AD15 /* ExerciseList.swift */ = {isa = PBXFileReference; lastKnownFileType = sourcecode.swift; path = ExerciseList.swift; sourceTree = "<group>"; };
		A271303C2BEB616000CDC8A9 /* LogInView.swift */ = {isa = PBXFileReference; lastKnownFileType = sourcecode.swift; path = LogInView.swift; sourceTree = "<group>"; };
		A27BD92B2BEF8FF60069EA77 /* TextFieldWithDebounce.swift */ = {isa = PBXFileReference; lastKnownFileType = sourcecode.swift; path = TextFieldWithDebounce.swift; sourceTree = "<group>"; };
		A27FAEE62BEE4FB500436B5E /* StartWorkoutView.swift */ = {isa = PBXFileReference; lastKnownFileType = sourcecode.swift; path = StartWorkoutView.swift; sourceTree = "<group>"; };
		A27FAEE82BEE4FEC00436B5E /* ExercisesView.swift */ = {isa = PBXFileReference; lastKnownFileType = sourcecode.swift; path = ExercisesView.swift; sourceTree = "<group>"; };
		A2A1D4582BF07C0000AA09D5 /* TemplateCardViewBuilder.swift */ = {isa = PBXFileReference; lastKnownFileType = sourcecode.swift; path = TemplateCardViewBuilder.swift; sourceTree = "<group>"; };
		A2A1D45B2BF07C2400AA09D5 /* TemplateCard.swift */ = {isa = PBXFileReference; lastKnownFileType = sourcecode.swift; path = TemplateCard.swift; sourceTree = "<group>"; };
		A2A1D45D2BF07C4900AA09D5 /* NewTemplateCard.swift */ = {isa = PBXFileReference; lastKnownFileType = sourcecode.swift; path = NewTemplateCard.swift; sourceTree = "<group>"; };
		A2A1D4602BF08EC000AA09D5 /* Query.swift */ = {isa = PBXFileReference; lastKnownFileType = sourcecode.swift; path = Query.swift; sourceTree = "<group>"; };
		A2A1D4642BF08F3C00AA09D5 /* OnFirstAppearViewModifier.swift */ = {isa = PBXFileReference; lastKnownFileType = sourcecode.swift; path = OnFirstAppearViewModifier.swift; sourceTree = "<group>"; };
		A2A1D4662BF08FA600AA09D5 /* ExercisesViewModel.swift */ = {isa = PBXFileReference; lastKnownFileType = sourcecode.swift; path = ExercisesViewModel.swift; sourceTree = "<group>"; };
		A2A1D4682BF0904300AA09D5 /* ExercisesList.swift */ = {isa = PBXFileReference; lastKnownFileType = sourcecode.swift; path = ExercisesList.swift; sourceTree = "<group>"; };
		A2A1D46A2BF0911C00AA09D5 /* StartWorkoutViewModel.swift */ = {isa = PBXFileReference; lastKnownFileType = sourcecode.swift; path = StartWorkoutViewModel.swift; sourceTree = "<group>"; };
		A2A1D46C2BF091C200AA09D5 /* Date.swift */ = {isa = PBXFileReference; lastKnownFileType = sourcecode.swift; path = Date.swift; sourceTree = "<group>"; };
		A2A1D47D2BF10F1700AA09D5 /* ExercisesViewSheet.swift */ = {isa = PBXFileReference; lastKnownFileType = sourcecode.swift; path = ExercisesViewSheet.swift; sourceTree = "<group>"; };
		A2A1D4812BF1D8B800AA09D5 /* TemplatePreview.swift */ = {isa = PBXFileReference; lastKnownFileType = sourcecode.swift; path = TemplatePreview.swift; sourceTree = "<group>"; };
		A2B526932BEB42ED0093BDE1 /* WorkoutList.swift */ = {isa = PBXFileReference; lastKnownFileType = sourcecode.swift; path = WorkoutList.swift; sourceTree = "<group>"; };
		A2B526952BEB47280093BDE1 /* GoogleService-Info.plist */ = {isa = PBXFileReference; fileEncoding = 4; lastKnownFileType = text.plist.xml; name = "GoogleService-Info.plist"; path = "../../../Desktop/GoogleService-Info.plist"; sourceTree = "<group>"; };
		A2B526982BEB47C30093BDE1 /* SignUpView.swift */ = {isa = PBXFileReference; lastKnownFileType = sourcecode.swift; path = SignUpView.swift; sourceTree = "<group>"; };
		A2B5269A2BEB47FB0093BDE1 /* WelcomeView.swift */ = {isa = PBXFileReference; lastKnownFileType = sourcecode.swift; path = WelcomeView.swift; sourceTree = "<group>"; };
		A2D5DD0E2BEFF0AC00059D58 /* NewTemplateView.swift */ = {isa = PBXFileReference; lastKnownFileType = sourcecode.swift; path = NewTemplateView.swift; sourceTree = "<group>"; };
		A2D68EB92BE8DD66000D19CB /* RestTimerSetupView.swift */ = {isa = PBXFileReference; lastKnownFileType = sourcecode.swift; path = RestTimerSetupView.swift; sourceTree = "<group>"; };
		A2F81A902BF1EF1C001176B6 /* WorkoutOngoingView.swift */ = {isa = PBXFileReference; lastKnownFileType = sourcecode.swift; path = WorkoutOngoingView.swift; sourceTree = "<group>"; };
		A2F81A922BF1EF43001176B6 /* OngoingExerciseMenu.swift */ = {isa = PBXFileReference; lastKnownFileType = sourcecode.swift; path = OngoingExerciseMenu.swift; sourceTree = "<group>"; };
		A2F81A942BF1EF95001176B6 /* RestTimerView.swift */ = {isa = PBXFileReference; lastKnownFileType = sourcecode.swift; path = RestTimerView.swift; sourceTree = "<group>"; };
		A2F81A962BF1EFF0001176B6 /* WorkoutOngoingSetList.swift */ = {isa = PBXFileReference; lastKnownFileType = sourcecode.swift; path = WorkoutOngoingSetList.swift; sourceTree = "<group>"; };
		A2F81A982BF1F02C001176B6 /* TimerModel.swift */ = {isa = PBXFileReference; lastKnownFileType = sourcecode.swift; path = TimerModel.swift; sourceTree = "<group>"; };
		A2F81A9A2BF1F337001176B6 /* WorkoutRestTimerSetupView.swift */ = {isa = PBXFileReference; lastKnownFileType = sourcecode.swift; path = WorkoutRestTimerSetupView.swift; sourceTree = "<group>"; };
		A2F81A9C2BF1FC6B001176B6 /* TemplatePreviewBuilder.swift */ = {isa = PBXFileReference; lastKnownFileType = sourcecode.swift; path = TemplatePreviewBuilder.swift; sourceTree = "<group>"; };
		F295E3712BE647B600D2DE64 /* BulkUp.app */ = {isa = PBXFileReference; explicitFileType = wrapper.application; includeInIndex = 0; path = BulkUp.app; sourceTree = BUILT_PRODUCTS_DIR; };
		F295E3742BE647B600D2DE64 /* BulkUpApp.swift */ = {isa = PBXFileReference; lastKnownFileType = sourcecode.swift; path = BulkUpApp.swift; sourceTree = "<group>"; };
		F295E3762BE647B600D2DE64 /* RootView.swift */ = {isa = PBXFileReference; lastKnownFileType = sourcecode.swift; path = RootView.swift; sourceTree = "<group>"; };
		F295E3782BE647B800D2DE64 /* Assets.xcassets */ = {isa = PBXFileReference; lastKnownFileType = folder.assetcatalog; path = Assets.xcassets; sourceTree = "<group>"; };
		F295E37B2BE647B800D2DE64 /* Preview Assets.xcassets */ = {isa = PBXFileReference; lastKnownFileType = folder.assetcatalog; path = "Preview Assets.xcassets"; sourceTree = "<group>"; };
/* End PBXFileReference section */

/* Begin PBXFrameworksBuildPhase section */
		F295E36E2BE647B500D2DE64 /* Frameworks */ = {
			isa = PBXFrameworksBuildPhase;
			buildActionMask = 2147483647;
			files = (
				A27C95542BEB40A200A32358 /* FirebaseAuth in Frameworks */,
				A21625B62BEB7EFD00BBE9AC /* GoogleSignInSwift in Frameworks */,
				A245A8272BECF72700778555 /* FirebaseFirestoreSwift in Frameworks */,
				A245A8232BECF72700778555 /* FirebaseFirestore in Frameworks */,
				A25739F42BE90A1C001C013E /* ModalView in Frameworks */,
				A21625B42BEB7EFD00BBE9AC /* GoogleSignIn in Frameworks */,
			);
			runOnlyForDeploymentPostprocessing = 0;
		};
/* End PBXFrameworksBuildPhase section */

/* Begin PBXGroup section */
		A205D7F02BEE60920065CF5B /* Exercises */ = {
			isa = PBXGroup;
			children = (
				A27FAEE82BEE4FEC00436B5E /* ExercisesView.swift */,
				A2A1D4662BF08FA600AA09D5 /* ExercisesViewModel.swift */,
				A205D7FD2BEEF00B0065CF5B /* Subviews */,
			);
			path = Exercises;
			sourceTree = "<group>";
		};
		A205D7FD2BEEF00B0065CF5B /* Subviews */ = {
			isa = PBXGroup;
			children = (
				A2B526932BEB42ED0093BDE1 /* WorkoutList.swift */,
				A205D7F92BEE81AD0065CF5B /* NewExerciseDialog.swift */,
				A2A1D4682BF0904300AA09D5 /* ExercisesList.swift */,
			);
			path = Subviews;
			sourceTree = "<group>";
		};
		A21625B82BEB83CC00BBE9AC /* Auth */ = {
			isa = PBXGroup;
			children = (
				A25B17EE2BECB34400E8E6E7 /* AuthenticationManager.swift */,
				A26970D82BEE280E0005F1BB /* SignInGoogleHelper.swift */,
			);
			path = Auth;
			sourceTree = "<group>";
		};
		A241D4A62BF62973003AE267 /* Subviews */ = {
			isa = PBXGroup;
			children = (
				A2701BE12BEB78680028DDAA /* HistoryCard.swift */,
				A241D4A72BF62BCB003AE267 /* HistoryCardBuilder.swift */,
			);
			path = Subviews;
			sourceTree = "<group>";
		};
		A2451BCA2BF258B800445C01 /* Types */ = {
			isa = PBXGroup;
			children = (
				A2451BCF2BF2594C00445C01 /* User.swift */,
				A2451BCB2BF258D400445C01 /* UserTemplate.swift */,
				A2451BCD2BF2591C00445C01 /* UserHistory.swift */,
				A2451BD12BF2598200445C01 /* Exercise.swift */,
			);
			path = Types;
			sourceTree = "<group>";
		};
		A245A8282BEDF72800778555 /* Core */ = {
			isa = PBXGroup;
			children = (
				A2F81A8F2BF1EF0F001176B6 /* WorkoutOngoing */,
				A205D7F02BEE60920065CF5B /* Exercises */,
				A245A8302BEE022D00778555 /* Authentication */,
				A245A82A2BEDFA0900778555 /* Profile */,
				A245A8292BEDF96900778555 /* Settings */,
				A2D5DD0C2BEFEE3300059D58 /* StartWorkout */,
				A2D5DD0D2BEFF09700059D58 /* NewTemplate */,
				A2A1D46F2BF0925700AA09D5 /* History */,
				F295E3762BE647B600D2DE64 /* RootView.swift */,
			);
			path = Core;
			sourceTree = "<group>";
		};
		A245A8292BEDF96900778555 /* Settings */ = {
			isa = PBXGroup;
			children = (
				A25B17F02BECC2D200E8E6E7 /* SettingsView.swift */,
				A241D4AB2BF63E8A003AE267 /* SettingsViewModel.swift */,
			);
			path = Settings;
			sourceTree = "<group>";
		};
		A245A82A2BEDFA0900778555 /* Profile */ = {
			isa = PBXGroup;
			children = (
				A245A82B2BEDFA1600778555 /* ProfileView.swift */,
				A241D4AD2BF63F55003AE267 /* ProfileViewModel.swift */,
			);
			path = Profile;
			sourceTree = "<group>";
		};
		A245A82D2BEDFFF300778555 /* Firestore */ = {
			isa = PBXGroup;
			children = (
				A245A82E2BEE000300778555 /* UserManager.swift */,
				A205D7F32BEE637D0065CF5B /* ExercisesManager.swift */,
				A2451BCA2BF258B800445C01 /* Types */,
			);
			path = Firestore;
			sourceTree = "<group>";
		};
		A245A8302BEE022D00778555 /* Authentication */ = {
			isa = PBXGroup;
			children = (
				A245A8312BEE023D00778555 /* AuthenticationViewModel.swift */,
				A2B5269A2BEB47FB0093BDE1 /* WelcomeView.swift */,
				A2B526982BEB47C30093BDE1 /* SignUpView.swift */,
				A271303C2BEB616000CDC8A9 /* LogInView.swift */,
				A245A8342BEE064200778555 /* SignInEmailViewModel.swift */,
			);
			path = Authentication;
			sourceTree = "<group>";
		};
		A2701BDE2BEB761A0028DDAA /* ErrorHandlers */ = {
			isa = PBXGroup;
			children = (
				A2701BDF2BEB762A0028DDAA /* Types.swift */,
				A25B17F22BECDD2D00E8E6E7 /* Errors.swift */,
			);
			path = ErrorHandlers;
			sourceTree = "<group>";
		};
		A2710E0D2BF710D30054AD15 /* Subviews */ = {
			isa = PBXGroup;
			children = (
				A2F81A922BF1EF43001176B6 /* OngoingExerciseMenu.swift */,
				A2F81A942BF1EF95001176B6 /* RestTimerView.swift */,
				A2F81A962BF1EFF0001176B6 /* WorkoutOngoingSetList.swift */,
				A2F81A9A2BF1F337001176B6 /* WorkoutRestTimerSetupView.swift */,
				A2710E0E2BF711A20054AD15 /* ExerciseList.swift */,
			);
			path = Subviews;
			sourceTree = "<group>";
		};
		A2A1D45A2BF07C0900AA09D5 /* Subviews */ = {
			isa = PBXGroup;
			children = (
				A2A1D45B2BF07C2400AA09D5 /* TemplateCard.swift */,
				A2A1D45D2BF07C4900AA09D5 /* NewTemplateCard.swift */,
				A2A1D4812BF1D8B800AA09D5 /* TemplatePreview.swift */,
				A2F81A9C2BF1FC6B001176B6 /* TemplatePreviewBuilder.swift */,
			);
			path = Subviews;
			sourceTree = "<group>";
		};
		A2A1D45F2BF08EA900AA09D5 /* Extensions */ = {
			isa = PBXGroup;
			children = (
				A2A1D4602BF08EC000AA09D5 /* Query.swift */,
				A2A1D46C2BF091C200AA09D5 /* Date.swift */,
			);
			path = Extensions;
			sourceTree = "<group>";
		};
		A2A1D4622BF08F0000AA09D5 /* Components */ = {
			isa = PBXGroup;
			children = (
				A2A1D46E2BF0921D00AA09D5 /* Views */,
				A2A1D4632BF08F1200AA09D5 /* ViewModifiers */,
			);
			path = Components;
			sourceTree = "<group>";
		};
		A2A1D4632BF08F1200AA09D5 /* ViewModifiers */ = {
			isa = PBXGroup;
			children = (
				A2A1D4642BF08F3C00AA09D5 /* OnFirstAppearViewModifier.swift */,
			);
			path = ViewModifiers;
			sourceTree = "<group>";
		};
		A2A1D46E2BF0921D00AA09D5 /* Views */ = {
			isa = PBXGroup;
			children = (
				A2D68EBB2BE8E29A000D19CB /* base */,
				A2A5AD0F2BE8E3110087E2BA /* component */,
			);
			path = Views;
			sourceTree = "<group>";
		};
		A2A1D46F2BF0925700AA09D5 /* History */ = {
			isa = PBXGroup;
			children = (
				A2701BE52BEB79EC0028DDAA /* HistoryView.swift */,
				A241D4A92BF63900003AE267 /* HistoryViewModel.swift */,
				A241D4A62BF62973003AE267 /* Subviews */,
			);
			path = History;
			sourceTree = "<group>";
		};
		A2A1D47C2BF10EFE00AA09D5 /* Subviews */ = {
			isa = PBXGroup;
			children = (
				A2A1D47D2BF10F1700AA09D5 /* ExercisesViewSheet.swift */,
			);
			path = Subviews;
			sourceTree = "<group>";
		};
		A2A5AD0F2BE8E3110087E2BA /* component */ = {
			isa = PBXGroup;
			children = (
				A205D7FB2BEE836E0065CF5B /* SetList.swift */,
				A27BD92B2BEF8FF60069EA77 /* TextFieldWithDebounce.swift */,
				A2D68EB92BE8DD66000D19CB /* RestTimerSetupView.swift */,
				A241D4AF2BF64718003AE267 /* SelectableMenu.swift */,
			);
			path = component;
			sourceTree = "<group>";
		};
		A2D5DD0C2BEFEE3300059D58 /* StartWorkout */ = {
			isa = PBXGroup;
			children = (
				A27FAEE62BEE4FB500436B5E /* StartWorkoutView.swift */,
				A2A1D46A2BF0911C00AA09D5 /* StartWorkoutViewModel.swift */,
				A2A1D4582BF07C0000AA09D5 /* TemplateCardViewBuilder.swift */,
				A2A1D45A2BF07C0900AA09D5 /* Subviews */,
			);
			path = StartWorkout;
			sourceTree = "<group>";
		};
		A2D5DD0D2BEFF09700059D58 /* NewTemplate */ = {
			isa = PBXGroup;
			children = (
				A2D5DD0E2BEFF0AC00059D58 /* NewTemplateView.swift */,
				A241D4B22BF65D7E003AE267 /* NewTemplateViewModel.swift */,
				A2A1D47C2BF10EFE00AA09D5 /* Subviews */,
			);
			path = NewTemplate;
			sourceTree = "<group>";
		};
		A2D68EBB2BE8E29A000D19CB /* base */ = {
			isa = PBXGroup;
			children = (
				A264A0BD2BE88D7600724C36 /* BulkUpButton.swift */,
				A264A0BF2BE8950B00724C36 /* BulkUpTextField.swift */,
				A264A0C12BE8C70F00724C36 /* BulkUpMenu.swift */,
				A25739EC2BE8F75A001C013E /* BulkUpDialog.swift */,
				A270B2492BEB55820042AD0D /* BulkUpNavigationLink.swift */,
			);
			path = base;
			sourceTree = "<group>";
		};
		A2F81A8F2BF1EF0F001176B6 /* WorkoutOngoing */ = {
			isa = PBXGroup;
			children = (
				A2F81A902BF1EF1C001176B6 /* WorkoutOngoingView.swift */,
				A2451BD32BF26B3200445C01 /* WorkoutOngoingViewModel.swift */,
				A2F81A982BF1F02C001176B6 /* TimerModel.swift */,
				A2451BC82BF2091700445C01 /* OngoingExercisesViewSheet.swift */,
				A2710E0D2BF710D30054AD15 /* Subviews */,
			);
			path = WorkoutOngoing;
			sourceTree = "<group>";
		};
		F295E3682BE647B500D2DE64 = {
			isa = PBXGroup;
			children = (
				A2A1D45F2BF08EA900AA09D5 /* Extensions */,
				A2A1D4622BF08F0000AA09D5 /* Components */,
				A245A8282BEDF72800778555 /* Core */,
				A21625B82BEB83CC00BBE9AC /* Auth */,
				A245A82D2BEDFFF300778555 /* Firestore */,
				A2701BDE2BEB761A0028DDAA /* ErrorHandlers */,
				F295E3742BE647B600D2DE64 /* BulkUpApp.swift */,
				F295E3782BE647B800D2DE64 /* Assets.xcassets */,
				A2B526952BEB47280093BDE1 /* GoogleService-Info.plist */,
				A21625B72BEB7FB600BBE9AC /* BulkUp-Info.plist */,
				F295E37A2BE647B800D2DE64 /* Preview Content */,
				F295E3722BE647B600D2DE64 /* Products */,
			);
			sourceTree = "<group>";
		};
		F295E3722BE647B600D2DE64 /* Products */ = {
			isa = PBXGroup;
			children = (
				F295E3712BE647B600D2DE64 /* BulkUp.app */,
			);
			name = Products;
			sourceTree = "<group>";
		};
		F295E37A2BE647B800D2DE64 /* Preview Content */ = {
			isa = PBXGroup;
			children = (
				F295E37B2BE647B800D2DE64 /* Preview Assets.xcassets */,
			);
			path = "Preview Content";
			sourceTree = "<group>";
		};
/* End PBXGroup section */

/* Begin PBXNativeTarget section */
		F295E3702BE647B500D2DE64 /* BulkUp */ = {
			isa = PBXNativeTarget;
			buildConfigurationList = F295E37F2BE647B800D2DE64 /* Build configuration list for PBXNativeTarget "BulkUp" */;
			buildPhases = (
				F295E36D2BE647B500D2DE64 /* Sources */,
				F295E36E2BE647B500D2DE64 /* Frameworks */,
				F295E36F2BE647B500D2DE64 /* Resources */,
			);
			buildRules = (
			);
			dependencies = (
			);
			name = BulkUp;
			packageProductDependencies = (
				A25739F32BE90A1C001C013E /* ModalView */,
				A27C95532BEB40A200A32358 /* FirebaseAuth */,
				A21625B32BEB7EFD00BBE9AC /* GoogleSignIn */,
				A21625B52BEB7EFD00BBE9AC /* GoogleSignInSwift */,
				A245A8222BECF72700778555 /* FirebaseFirestore */,
				A245A8262BECF72700778555 /* FirebaseFirestoreSwift */,
			);
			productName = BulkUp;
			productReference = F295E3712BE647B600D2DE64 /* BulkUp.app */;
			productType = "com.apple.product-type.application";
		};
/* End PBXNativeTarget section */

/* Begin PBXProject section */
		F295E3692BE647B500D2DE64 /* Project object */ = {
			isa = PBXProject;
			attributes = {
				BuildIndependentTargetsInParallel = 1;
				LastSwiftUpdateCheck = 1520;
				LastUpgradeCheck = 1520;
				TargetAttributes = {
					F295E3702BE647B500D2DE64 = {
						CreatedOnToolsVersion = 15.2;
					};
				};
			};
			buildConfigurationList = F295E36C2BE647B500D2DE64 /* Build configuration list for PBXProject "BulkUp" */;
			compatibilityVersion = "Xcode 14.0";
			developmentRegion = en;
			hasScannedForEncodings = 0;
			knownRegions = (
				en,
				Base,
			);
			mainGroup = F295E3682BE647B500D2DE64;
			packageReferences = (
				A25739F22BE90A1C001C013E /* XCRemoteSwiftPackageReference "modal-view" */,
				A27C95502BEB40A200A32358 /* XCRemoteSwiftPackageReference "firebase-ios-sdk" */,
				A21625B22BEB7EFD00BBE9AC /* XCRemoteSwiftPackageReference "GoogleSignIn-iOS" */,
			);
			productRefGroup = F295E3722BE647B600D2DE64 /* Products */;
			projectDirPath = "";
			projectRoot = "";
			targets = (
				F295E3702BE647B500D2DE64 /* BulkUp */,
			);
		};
/* End PBXProject section */

/* Begin PBXResourcesBuildPhase section */
		F295E36F2BE647B500D2DE64 /* Resources */ = {
			isa = PBXResourcesBuildPhase;
			buildActionMask = 2147483647;
			files = (
				F295E37C2BE647B800D2DE64 /* Preview Assets.xcassets in Resources */,
				A2B526962BEB47280093BDE1 /* GoogleService-Info.plist in Resources */,
				F295E3792BE647B800D2DE64 /* Assets.xcassets in Resources */,
			);
			runOnlyForDeploymentPostprocessing = 0;
		};
/* End PBXResourcesBuildPhase section */

/* Begin PBXSourcesBuildPhase section */
		F295E36D2BE647B500D2DE64 /* Sources */ = {
			isa = PBXSourcesBuildPhase;
			buildActionMask = 2147483647;
			files = (
				A2A1D4822BF1D8B800AA09D5 /* TemplatePreview.swift in Sources */,
				A2A1D4672BF08FA600AA09D5 /* ExercisesViewModel.swift in Sources */,
				A2D5DD0F2BEFF0AC00059D58 /* NewTemplateView.swift in Sources */,
				A2F81A972BF1EFF0001176B6 /* WorkoutOngoingSetList.swift in Sources */,
				A271303D2BEB616000CDC8A9 /* LogInView.swift in Sources */,
				A241D4B02BF64718003AE267 /* SelectableMenu.swift in Sources */,
				A2F81A912BF1EF1C001176B6 /* WorkoutOngoingView.swift in Sources */,
				A27FAEE92BEE4FEC00436B5E /* ExercisesView.swift in Sources */,
				A2A1D4592BF07C0000AA09D5 /* TemplateCardViewBuilder.swift in Sources */,
				A205D7F42BEE637D0065CF5B /* ExercisesManager.swift in Sources */,
				A2B526942BEB42ED0093BDE1 /* WorkoutList.swift in Sources */,
				A264A0C22BE8C70F00724C36 /* BulkUpMenu.swift in Sources */,
				A245A8352BEE064200778555 /* SignInEmailViewModel.swift in Sources */,
				A2701BE02BEB762A0028DDAA /* Types.swift in Sources */,
				A245A82F2BEE000300778555 /* UserManager.swift in Sources */,
				A264A0C02BE8950B00724C36 /* BulkUpTextField.swift in Sources */,
				A241D4AE2BF63F55003AE267 /* ProfileViewModel.swift in Sources */,
				A2B526992BEB47C30093BDE1 /* SignUpView.swift in Sources */,
				A2A1D46D2BF091C200AA09D5 /* Date.swift in Sources */,
				A27FAEE72BEE4FB500436B5E /* StartWorkoutView.swift in Sources */,
				A2701BE62BEB79EC0028DDAA /* HistoryView.swift in Sources */,
				A2F81A952BF1EF95001176B6 /* RestTimerView.swift in Sources */,
				A2451BD42BF26B3200445C01 /* WorkoutOngoingViewModel.swift in Sources */,
				A2710E0F2BF711A20054AD15 /* ExerciseList.swift in Sources */,
				F295E3772BE647B600D2DE64 /* RootView.swift in Sources */,
				A2A1D46B2BF0911C00AA09D5 /* StartWorkoutViewModel.swift in Sources */,
				A2D68EBA2BE8DD66000D19CB /* RestTimerSetupView.swift in Sources */,
				A2451BD22BF2598200445C01 /* Exercise.swift in Sources */,
				A2451BC92BF2091700445C01 /* OngoingExercisesViewSheet.swift in Sources */,
				A26970D92BEE280E0005F1BB /* SignInGoogleHelper.swift in Sources */,
				A2F81A932BF1EF43001176B6 /* OngoingExerciseMenu.swift in Sources */,
				A2A1D4612BF08EC000AA09D5 /* Query.swift in Sources */,
				A2451BCE2BF2591C00445C01 /* UserHistory.swift in Sources */,
				A2B5269B2BEB47FB0093BDE1 /* WelcomeView.swift in Sources */,
				A270B24A2BEB55820042AD0D /* BulkUpNavigationLink.swift in Sources */,
				A241D4A82BF62BCB003AE267 /* HistoryCardBuilder.swift in Sources */,
				A205D7FC2BEE836E0065CF5B /* SetList.swift in Sources */,
				A241D4B32BF65D7E003AE267 /* NewTemplateViewModel.swift in Sources */,
				A25B17EF2BECB34400E8E6E7 /* AuthenticationManager.swift in Sources */,
				A2A1D45E2BF07C4900AA09D5 /* NewTemplateCard.swift in Sources */,
				F295E3752BE647B600D2DE64 /* BulkUpApp.swift in Sources */,
				A205D7FA2BEE81AD0065CF5B /* NewExerciseDialog.swift in Sources */,
				A264A0BE2BE88D7600724C36 /* BulkUpButton.swift in Sources */,
				A2F81A9B2BF1F337001176B6 /* WorkoutRestTimerSetupView.swift in Sources */,
				A2701BE22BEB78680028DDAA /* HistoryCard.swift in Sources */,
				A245A82C2BEDFA1600778555 /* ProfileView.swift in Sources */,
				A2A1D45C2BF07C2400AA09D5 /* TemplateCard.swift in Sources */,
				A2A1D4692BF0904300AA09D5 /* ExercisesList.swift in Sources */,
				A241D4AA2BF63900003AE267 /* HistoryViewModel.swift in Sources */,
				A2451BD02BF2594C00445C01 /* User.swift in Sources */,
				A2A1D47E2BF10F1700AA09D5 /* ExercisesViewSheet.swift in Sources */,
				A25B17F32BECDD2D00E8E6E7 /* Errors.swift in Sources */,
				A25739ED2BE8F75A001C013E /* BulkUpDialog.swift in Sources */,
				A2451BCC2BF258D400445C01 /* UserTemplate.swift in Sources */,
				A25B17F12BECC2D200E8E6E7 /* SettingsView.swift in Sources */,
				A2A1D4652BF08F3C00AA09D5 /* OnFirstAppearViewModifier.swift in Sources */,
				A245A8322BEE023D00778555 /* AuthenticationViewModel.swift in Sources */,
				A241D4AC2BF63E8A003AE267 /* SettingsViewModel.swift in Sources */,
				A27BD92C2BEF8FF60069EA77 /* TextFieldWithDebounce.swift in Sources */,
				A2F81A992BF1F02C001176B6 /* TimerModel.swift in Sources */,
				A2F81A9D2BF1FC6B001176B6 /* TemplatePreviewBuilder.swift in Sources */,
			);
			runOnlyForDeploymentPostprocessing = 0;
		};
/* End PBXSourcesBuildPhase section */

/* Begin XCBuildConfiguration section */
		F295E37D2BE647B800D2DE64 /* Debug */ = {
			isa = XCBuildConfiguration;
			buildSettings = {
				ALWAYS_SEARCH_USER_PATHS = NO;
				ASSETCATALOG_COMPILER_GENERATE_SWIFT_ASSET_SYMBOL_EXTENSIONS = YES;
				CLANG_ANALYZER_NONNULL = YES;
				CLANG_ANALYZER_NUMBER_OBJECT_CONVERSION = YES_AGGRESSIVE;
				CLANG_CXX_LANGUAGE_STANDARD = "gnu++20";
				CLANG_ENABLE_MODULES = YES;
				CLANG_ENABLE_OBJC_ARC = YES;
				CLANG_ENABLE_OBJC_WEAK = YES;
				CLANG_WARN_BLOCK_CAPTURE_AUTORELEASING = YES;
				CLANG_WARN_BOOL_CONVERSION = YES;
				CLANG_WARN_COMMA = YES;
				CLANG_WARN_CONSTANT_CONVERSION = YES;
				CLANG_WARN_DEPRECATED_OBJC_IMPLEMENTATIONS = YES;
				CLANG_WARN_DIRECT_OBJC_ISA_USAGE = YES_ERROR;
				CLANG_WARN_DOCUMENTATION_COMMENTS = YES;
				CLANG_WARN_EMPTY_BODY = YES;
				CLANG_WARN_ENUM_CONVERSION = YES;
				CLANG_WARN_INFINITE_RECURSION = YES;
				CLANG_WARN_INT_CONVERSION = YES;
				CLANG_WARN_NON_LITERAL_NULL_CONVERSION = YES;
				CLANG_WARN_OBJC_IMPLICIT_RETAIN_SELF = YES;
				CLANG_WARN_OBJC_LITERAL_CONVERSION = YES;
				CLANG_WARN_OBJC_ROOT_CLASS = YES_ERROR;
				CLANG_WARN_QUOTED_INCLUDE_IN_FRAMEWORK_HEADER = YES;
				CLANG_WARN_RANGE_LOOP_ANALYSIS = YES;
				CLANG_WARN_STRICT_PROTOTYPES = YES;
				CLANG_WARN_SUSPICIOUS_MOVE = YES;
				CLANG_WARN_UNGUARDED_AVAILABILITY = YES_AGGRESSIVE;
				CLANG_WARN_UNREACHABLE_CODE = YES;
				CLANG_WARN__DUPLICATE_METHOD_MATCH = YES;
				COPY_PHASE_STRIP = NO;
				DEBUG_INFORMATION_FORMAT = dwarf;
				ENABLE_STRICT_OBJC_MSGSEND = YES;
				ENABLE_TESTABILITY = YES;
				ENABLE_USER_SCRIPT_SANDBOXING = YES;
				GCC_C_LANGUAGE_STANDARD = gnu17;
				GCC_DYNAMIC_NO_PIC = NO;
				GCC_NO_COMMON_BLOCKS = YES;
				GCC_OPTIMIZATION_LEVEL = 0;
				GCC_PREPROCESSOR_DEFINITIONS = (
					"DEBUG=1",
					"$(inherited)",
				);
				GCC_WARN_64_TO_32_BIT_CONVERSION = YES;
				GCC_WARN_ABOUT_RETURN_TYPE = YES_ERROR;
				GCC_WARN_UNDECLARED_SELECTOR = YES;
				GCC_WARN_UNINITIALIZED_AUTOS = YES_AGGRESSIVE;
				GCC_WARN_UNUSED_FUNCTION = YES;
				GCC_WARN_UNUSED_VARIABLE = YES;
				IPHONEOS_DEPLOYMENT_TARGET = 17.2;
				LOCALIZATION_PREFERS_STRING_CATALOGS = YES;
				MTL_ENABLE_DEBUG_INFO = INCLUDE_SOURCE;
				MTL_FAST_MATH = YES;
				ONLY_ACTIVE_ARCH = YES;
				SDKROOT = iphoneos;
				SWIFT_ACTIVE_COMPILATION_CONDITIONS = "DEBUG $(inherited)";
				SWIFT_OPTIMIZATION_LEVEL = "-Onone";
			};
			name = Debug;
		};
		F295E37E2BE647B800D2DE64 /* Release */ = {
			isa = XCBuildConfiguration;
			buildSettings = {
				ALWAYS_SEARCH_USER_PATHS = NO;
				ASSETCATALOG_COMPILER_GENERATE_SWIFT_ASSET_SYMBOL_EXTENSIONS = YES;
				CLANG_ANALYZER_NONNULL = YES;
				CLANG_ANALYZER_NUMBER_OBJECT_CONVERSION = YES_AGGRESSIVE;
				CLANG_CXX_LANGUAGE_STANDARD = "gnu++20";
				CLANG_ENABLE_MODULES = YES;
				CLANG_ENABLE_OBJC_ARC = YES;
				CLANG_ENABLE_OBJC_WEAK = YES;
				CLANG_WARN_BLOCK_CAPTURE_AUTORELEASING = YES;
				CLANG_WARN_BOOL_CONVERSION = YES;
				CLANG_WARN_COMMA = YES;
				CLANG_WARN_CONSTANT_CONVERSION = YES;
				CLANG_WARN_DEPRECATED_OBJC_IMPLEMENTATIONS = YES;
				CLANG_WARN_DIRECT_OBJC_ISA_USAGE = YES_ERROR;
				CLANG_WARN_DOCUMENTATION_COMMENTS = YES;
				CLANG_WARN_EMPTY_BODY = YES;
				CLANG_WARN_ENUM_CONVERSION = YES;
				CLANG_WARN_INFINITE_RECURSION = YES;
				CLANG_WARN_INT_CONVERSION = YES;
				CLANG_WARN_NON_LITERAL_NULL_CONVERSION = YES;
				CLANG_WARN_OBJC_IMPLICIT_RETAIN_SELF = YES;
				CLANG_WARN_OBJC_LITERAL_CONVERSION = YES;
				CLANG_WARN_OBJC_ROOT_CLASS = YES_ERROR;
				CLANG_WARN_QUOTED_INCLUDE_IN_FRAMEWORK_HEADER = YES;
				CLANG_WARN_RANGE_LOOP_ANALYSIS = YES;
				CLANG_WARN_STRICT_PROTOTYPES = YES;
				CLANG_WARN_SUSPICIOUS_MOVE = YES;
				CLANG_WARN_UNGUARDED_AVAILABILITY = YES_AGGRESSIVE;
				CLANG_WARN_UNREACHABLE_CODE = YES;
				CLANG_WARN__DUPLICATE_METHOD_MATCH = YES;
				COPY_PHASE_STRIP = NO;
				DEBUG_INFORMATION_FORMAT = "dwarf-with-dsym";
				ENABLE_NS_ASSERTIONS = NO;
				ENABLE_STRICT_OBJC_MSGSEND = YES;
				ENABLE_USER_SCRIPT_SANDBOXING = YES;
				GCC_C_LANGUAGE_STANDARD = gnu17;
				GCC_NO_COMMON_BLOCKS = YES;
				GCC_WARN_64_TO_32_BIT_CONVERSION = YES;
				GCC_WARN_ABOUT_RETURN_TYPE = YES_ERROR;
				GCC_WARN_UNDECLARED_SELECTOR = YES;
				GCC_WARN_UNINITIALIZED_AUTOS = YES_AGGRESSIVE;
				GCC_WARN_UNUSED_FUNCTION = YES;
				GCC_WARN_UNUSED_VARIABLE = YES;
				IPHONEOS_DEPLOYMENT_TARGET = 17.2;
				LOCALIZATION_PREFERS_STRING_CATALOGS = YES;
				MTL_ENABLE_DEBUG_INFO = NO;
				MTL_FAST_MATH = YES;
				SDKROOT = iphoneos;
				SWIFT_COMPILATION_MODE = wholemodule;
				VALIDATE_PRODUCT = YES;
			};
			name = Release;
		};
		F295E3802BE647B800D2DE64 /* Debug */ = {
			isa = XCBuildConfiguration;
			buildSettings = {
				ASSETCATALOG_COMPILER_APPICON_NAME = AppIcon;
				ASSETCATALOG_COMPILER_GLOBAL_ACCENT_COLOR_NAME = AccentColor;
				CODE_SIGN_STYLE = Automatic;
				CURRENT_PROJECT_VERSION = 1;
				DEVELOPMENT_ASSET_PATHS = "\"Preview Content\"";
				ENABLE_PREVIEWS = YES;
				GENERATE_INFOPLIST_FILE = YES;
				INFOPLIST_FILE = "BulkUp-Info.plist";
				INFOPLIST_KEY_UIApplicationSceneManifest_Generation = YES;
				INFOPLIST_KEY_UIApplicationSupportsIndirectInputEvents = YES;
				INFOPLIST_KEY_UILaunchScreen_Generation = YES;
				INFOPLIST_KEY_UISupportedInterfaceOrientations_iPad = "UIInterfaceOrientationPortrait UIInterfaceOrientationPortraitUpsideDown UIInterfaceOrientationLandscapeLeft UIInterfaceOrientationLandscapeRight";
				INFOPLIST_KEY_UISupportedInterfaceOrientations_iPhone = "UIInterfaceOrientationPortrait UIInterfaceOrientationLandscapeLeft UIInterfaceOrientationLandscapeRight";
				LD_RUNPATH_SEARCH_PATHS = (
					"$(inherited)",
					"@executable_path/Frameworks",
				);
				MARKETING_VERSION = 1.0;
				PRODUCT_BUNDLE_IDENTIFIER = au.edu.uts.BulkUp;
				PRODUCT_NAME = "$(TARGET_NAME)";
				SWIFT_EMIT_LOC_STRINGS = YES;
				SWIFT_VERSION = 5.0;
				TARGETED_DEVICE_FAMILY = "1,2";
			};
			name = Debug;
		};
		F295E3812BE647B800D2DE64 /* Release */ = {
			isa = XCBuildConfiguration;
			buildSettings = {
				ASSETCATALOG_COMPILER_APPICON_NAME = AppIcon;
				ASSETCATALOG_COMPILER_GLOBAL_ACCENT_COLOR_NAME = AccentColor;
				CODE_SIGN_STYLE = Automatic;
				CURRENT_PROJECT_VERSION = 1;
				DEVELOPMENT_ASSET_PATHS = "\"Preview Content\"";
				ENABLE_PREVIEWS = YES;
				GENERATE_INFOPLIST_FILE = YES;
				INFOPLIST_FILE = "BulkUp-Info.plist";
				INFOPLIST_KEY_UIApplicationSceneManifest_Generation = YES;
				INFOPLIST_KEY_UIApplicationSupportsIndirectInputEvents = YES;
				INFOPLIST_KEY_UILaunchScreen_Generation = YES;
				INFOPLIST_KEY_UISupportedInterfaceOrientations_iPad = "UIInterfaceOrientationPortrait UIInterfaceOrientationPortraitUpsideDown UIInterfaceOrientationLandscapeLeft UIInterfaceOrientationLandscapeRight";
				INFOPLIST_KEY_UISupportedInterfaceOrientations_iPhone = "UIInterfaceOrientationPortrait UIInterfaceOrientationLandscapeLeft UIInterfaceOrientationLandscapeRight";
				LD_RUNPATH_SEARCH_PATHS = (
					"$(inherited)",
					"@executable_path/Frameworks",
				);
				MARKETING_VERSION = 1.0;
				PRODUCT_BUNDLE_IDENTIFIER = au.edu.uts.BulkUp;
				PRODUCT_NAME = "$(TARGET_NAME)";
				SWIFT_EMIT_LOC_STRINGS = YES;
				SWIFT_VERSION = 5.0;
				TARGETED_DEVICE_FAMILY = "1,2";
			};
			name = Release;
		};
/* End XCBuildConfiguration section */

/* Begin XCConfigurationList section */
		F295E36C2BE647B500D2DE64 /* Build configuration list for PBXProject "BulkUp" */ = {
			isa = XCConfigurationList;
			buildConfigurations = (
				F295E37D2BE647B800D2DE64 /* Debug */,
				F295E37E2BE647B800D2DE64 /* Release */,
			);
			defaultConfigurationIsVisible = 0;
			defaultConfigurationName = Release;
		};
		F295E37F2BE647B800D2DE64 /* Build configuration list for PBXNativeTarget "BulkUp" */ = {
			isa = XCConfigurationList;
			buildConfigurations = (
				F295E3802BE647B800D2DE64 /* Debug */,
				F295E3812BE647B800D2DE64 /* Release */,
			);
			defaultConfigurationIsVisible = 0;
			defaultConfigurationName = Release;
		};
/* End XCConfigurationList section */

/* Begin XCRemoteSwiftPackageReference section */
		A21625B22BEB7EFD00BBE9AC /* XCRemoteSwiftPackageReference "GoogleSignIn-iOS" */ = {
			isa = XCRemoteSwiftPackageReference;
			repositoryURL = "https://github.com/google/GoogleSignIn-iOS";
			requirement = {
				kind = upToNextMajorVersion;
				minimumVersion = 7.1.0;
			};
		};
		A25739F22BE90A1C001C013E /* XCRemoteSwiftPackageReference "modal-view" */ = {
			isa = XCRemoteSwiftPackageReference;
			repositoryURL = "https://github.com/diniska/modal-view";
			requirement = {
				kind = upToNextMajorVersion;
				minimumVersion = 1.0.1;
			};
		};
		A27C95502BEB40A200A32358 /* XCRemoteSwiftPackageReference "firebase-ios-sdk" */ = {
			isa = XCRemoteSwiftPackageReference;
			repositoryURL = "https://github.com/firebase/firebase-ios-sdk";
			requirement = {
				kind = upToNextMajorVersion;
				minimumVersion = 10.25.0;
			};
		};
/* End XCRemoteSwiftPackageReference section */

/* Begin XCSwiftPackageProductDependency section */
		A21625B32BEB7EFD00BBE9AC /* GoogleSignIn */ = {
			isa = XCSwiftPackageProductDependency;
			package = A21625B22BEB7EFD00BBE9AC /* XCRemoteSwiftPackageReference "GoogleSignIn-iOS" */;
			productName = GoogleSignIn;
		};
		A21625B52BEB7EFD00BBE9AC /* GoogleSignInSwift */ = {
			isa = XCSwiftPackageProductDependency;
			package = A21625B22BEB7EFD00BBE9AC /* XCRemoteSwiftPackageReference "GoogleSignIn-iOS" */;
			productName = GoogleSignInSwift;
		};
		A245A8222BECF72700778555 /* FirebaseFirestore */ = {
			isa = XCSwiftPackageProductDependency;
			package = A27C95502BEB40A200A32358 /* XCRemoteSwiftPackageReference "firebase-ios-sdk" */;
			productName = FirebaseFirestore;
		};
		A245A8262BECF72700778555 /* FirebaseFirestoreSwift */ = {
			isa = XCSwiftPackageProductDependency;
			package = A27C95502BEB40A200A32358 /* XCRemoteSwiftPackageReference "firebase-ios-sdk" */;
			productName = FirebaseFirestoreSwift;
		};
		A25739F32BE90A1C001C013E /* ModalView */ = {
			isa = XCSwiftPackageProductDependency;
			package = A25739F22BE90A1C001C013E /* XCRemoteSwiftPackageReference "modal-view" */;
			productName = ModalView;
		};
		A27C95532BEB40A200A32358 /* FirebaseAuth */ = {
			isa = XCSwiftPackageProductDependency;
			package = A27C95502BEB40A200A32358 /* XCRemoteSwiftPackageReference "firebase-ios-sdk" */;
			productName = FirebaseAuth;
		};
/* End XCSwiftPackageProductDependency section */
	};
	rootObject = F295E3692BE647B500D2DE64 /* Project object */;
}
